
Microsoft Visual Studio Solution File, Format Version 12.00
# Visual Studio Version 17
VisualStudioVersion = 17.10.35027.167
MinimumVisualStudioVersion = 10.0.40219.1
Project("{FAE04EC0-301F-11D3-BF4B-00C04F79EFBC}") = "Stack_Queue", "Stack_Queue.csproj", "{60322215-9C29-4266-9580-A9711A8CEEEF}"
EndProject
Global
	GlobalSection(SolutionConfigurationPlatforms) = preSolution
		Debug|Any CPU = Debug|Any CPU
		Release|Any CPU = Release|Any CPU
	EndGlobalSection
	GlobalSection(ProjectConfigurationPlatforms) = postSolution
		{60322215-9C29-4266-9580-A9711A8CEEEF}.Debug|Any CPU.ActiveCfg = Debug|Any CPU
		{60322215-9C29-4266-9580-A9711A8CEEEF}.Debug|Any CPU.Build.0 = Debug|Any CPU
		{60322215-9C29-4266-9580-A9711A8CEEEF}.Release|Any CPU.ActiveCfg = Release|Any CPU
		{60322215-9C29-4266-9580-A9711A8CEEEF}.Release|Any CPU.Build.0 = Release|Any CPU
	EndGlobalSection
	GlobalSection(SolutionProperties) = preSolution
		HideSolutionNode = FALSE
	EndGlobalSection
	GlobalSection(ExtensibilityGlobals) = postSolution
		SolutionGuid = {2029D07A-2FCE-45C4-A909-C3A54CDE852A}
	EndGlobalSection
EndGlobal
