
Microsoft Visual Studio Solution File, Format Version 12.00
# Visual Studio Version 17
VisualStudioVersion = 17.10.35027.167
MinimumVisualStudioVersion = 10.0.40219.1
Project("{FAE04EC0-301F-11D3-BF4B-00C04F79EFBC}") = "15. generic", "15. generic.csproj", "{692B4FC6-59B5-4996-A490-683EB7EC91F6}"
EndProject
Global
	GlobalSection(SolutionConfigurationPlatforms) = preSolution
		Debug|Any CPU = Debug|Any CPU
		Release|Any CPU = Release|Any CPU
	EndGlobalSection
	GlobalSection(ProjectConfigurationPlatforms) = postSolution
		{692B4FC6-59B5-4996-A490-683EB7EC91F6}.Debug|Any CPU.ActiveCfg = Debug|Any CPU
		{692B4FC6-59B5-4996-A490-683EB7EC91F6}.Debug|Any CPU.Build.0 = Debug|Any CPU
		{692B4FC6-59B5-4996-A490-683EB7EC91F6}.Release|Any CPU.ActiveCfg = Release|Any CPU
		{692B4FC6-59B5-4996-A490-683EB7EC91F6}.Release|Any CPU.Build.0 = Release|Any CPU
	EndGlobalSection
	GlobalSection(SolutionProperties) = preSolution
		HideSolutionNode = FALSE
	EndGlobalSection
	GlobalSection(ExtensibilityGlobals) = postSolution
		SolutionGuid = {F688A614-4997-4974-BA31-F2ABB6B925C6}
	EndGlobalSection
EndGlobal
