
Microsoft Visual Studio Solution File, Format Version 12.00
# Visual Studio Version 17
VisualStudioVersion = 17.10.35027.167
MinimumVisualStudioVersion = 10.0.40219.1
Project("{FAE04EC0-301F-11D3-BF4B-00C04F79EFBC}") = "Graph_Pratice", "Graph_Pratice.csproj", "{1E7401F2-C371-4079-BA95-D60DF82ABE81}"
EndProject
Global
	GlobalSection(SolutionConfigurationPlatforms) = preSolution
		Debug|Any CPU = Debug|Any CPU
		Release|Any CPU = Release|Any CPU
	EndGlobalSection
	GlobalSection(ProjectConfigurationPlatforms) = postSolution
		{1E7401F2-C371-4079-BA95-D60DF82ABE81}.Debug|Any CPU.ActiveCfg = Debug|Any CPU
		{1E7401F2-C371-4079-BA95-D60DF82ABE81}.Debug|Any CPU.Build.0 = Debug|Any CPU
		{1E7401F2-C371-4079-BA95-D60DF82ABE81}.Release|Any CPU.ActiveCfg = Release|Any CPU
		{1E7401F2-C371-4079-BA95-D60DF82ABE81}.Release|Any CPU.Build.0 = Release|Any CPU
	EndGlobalSection
	GlobalSection(SolutionProperties) = preSolution
		HideSolutionNode = FALSE
	EndGlobalSection
	GlobalSection(ExtensibilityGlobals) = postSolution
		SolutionGuid = {359A5E58-57C5-43EA-9118-E645306B8972}
	EndGlobalSection
EndGlobal
