
Microsoft Visual Studio Solution File, Format Version 12.00
# Visual Studio Version 17
VisualStudioVersion = 17.10.35027.167
MinimumVisualStudioVersion = 10.0.40219.1
Project("{FAE04EC0-301F-11D3-BF4B-00C04F79EFBC}") = "Algorithm", "Algorithm.csproj", "{C6F9D416-4A73-4229-93E4-74271126D97C}"
EndProject
Global
	GlobalSection(SolutionConfigurationPlatforms) = preSolution
		Debug|Any CPU = Debug|Any CPU
		Release|Any CPU = Release|Any CPU
	EndGlobalSection
	GlobalSection(ProjectConfigurationPlatforms) = postSolution
		{C6F9D416-4A73-4229-93E4-74271126D97C}.Debug|Any CPU.ActiveCfg = Debug|Any CPU
		{C6F9D416-4A73-4229-93E4-74271126D97C}.Debug|Any CPU.Build.0 = Debug|Any CPU
		{C6F9D416-4A73-4229-93E4-74271126D97C}.Release|Any CPU.ActiveCfg = Release|Any CPU
		{C6F9D416-4A73-4229-93E4-74271126D97C}.Release|Any CPU.Build.0 = Release|Any CPU
	EndGlobalSection
	GlobalSection(SolutionProperties) = preSolution
		HideSolutionNode = FALSE
	EndGlobalSection
	GlobalSection(ExtensibilityGlobals) = postSolution
		SolutionGuid = {89B56C31-061C-4FB4-AFE0-9472995ECFAA}
	EndGlobalSection
EndGlobal
