
Microsoft Visual Studio Solution File, Format Version 12.00
# Visual Studio Version 17
VisualStudioVersion = 17.10.35027.167
MinimumVisualStudioVersion = 10.0.40219.1
Project("{FAE04EC0-301F-11D3-BF4B-00C04F79EFBC}") = "12. Inheritance", "12. Inheritance.csproj", "{9D022916-EA17-4481-8FDE-64966953B6DB}"
EndProject
Global
	GlobalSection(SolutionConfigurationPlatforms) = preSolution
		Debug|Any CPU = Debug|Any CPU
		Release|Any CPU = Release|Any CPU
	EndGlobalSection
	GlobalSection(ProjectConfigurationPlatforms) = postSolution
		{9D022916-EA17-4481-8FDE-64966953B6DB}.Debug|Any CPU.ActiveCfg = Debug|Any CPU
		{9D022916-EA17-4481-8FDE-64966953B6DB}.Debug|Any CPU.Build.0 = Debug|Any CPU
		{9D022916-EA17-4481-8FDE-64966953B6DB}.Release|Any CPU.ActiveCfg = Release|Any CPU
		{9D022916-EA17-4481-8FDE-64966953B6DB}.Release|Any CPU.Build.0 = Release|Any CPU
	EndGlobalSection
	GlobalSection(SolutionProperties) = preSolution
		HideSolutionNode = FALSE
	EndGlobalSection
	GlobalSection(ExtensibilityGlobals) = postSolution
		SolutionGuid = {545AE130-2BED-4224-AF82-207736923A56}
	EndGlobalSection
EndGlobal
