
Microsoft Visual Studio Solution File, Format Version 12.00
# Visual Studio Version 17
VisualStudioVersion = 17.10.35027.167
MinimumVisualStudioVersion = 10.0.40219.1
Project("{FAE04EC0-301F-11D3-BF4B-00C04F79EFBC}") = "21. Property", "21. Property.csproj", "{729FCF3E-18B8-4EF1-99C1-A39D92911FEA}"
EndProject
Global
	GlobalSection(SolutionConfigurationPlatforms) = preSolution
		Debug|Any CPU = Debug|Any CPU
		Release|Any CPU = Release|Any CPU
	EndGlobalSection
	GlobalSection(ProjectConfigurationPlatforms) = postSolution
		{729FCF3E-18B8-4EF1-99C1-A39D92911FEA}.Debug|Any CPU.ActiveCfg = Debug|Any CPU
		{729FCF3E-18B8-4EF1-99C1-A39D92911FEA}.Debug|Any CPU.Build.0 = Debug|Any CPU
		{729FCF3E-18B8-4EF1-99C1-A39D92911FEA}.Release|Any CPU.ActiveCfg = Release|Any CPU
		{729FCF3E-18B8-4EF1-99C1-A39D92911FEA}.Release|Any CPU.Build.0 = Release|Any CPU
	EndGlobalSection
	GlobalSection(SolutionProperties) = preSolution
		HideSolutionNode = FALSE
	EndGlobalSection
	GlobalSection(ExtensibilityGlobals) = postSolution
		SolutionGuid = {855511B4-22D0-45E8-9A66-CF46E457BB48}
	EndGlobalSection
EndGlobal
