
Microsoft Visual Studio Solution File, Format Version 12.00
# Visual Studio Version 17
VisualStudioVersion = 17.10.35027.167
MinimumVisualStudioVersion = 10.0.40219.1
Project("{FAE04EC0-301F-11D3-BF4B-00C04F79EFBC}") = "Day5", "Day5.csproj", "{B4C747EB-B404-4F6C-AC1D-BCD21328E176}"
EndProject
Global
	GlobalSection(SolutionConfigurationPlatforms) = preSolution
		Debug|Any CPU = Debug|Any CPU
		Release|Any CPU = Release|Any CPU
	EndGlobalSection
	GlobalSection(ProjectConfigurationPlatforms) = postSolution
		{B4C747EB-B404-4F6C-AC1D-BCD21328E176}.Debug|Any CPU.ActiveCfg = Debug|Any CPU
		{B4C747EB-B404-4F6C-AC1D-BCD21328E176}.Debug|Any CPU.Build.0 = Debug|Any CPU
		{B4C747EB-B404-4F6C-AC1D-BCD21328E176}.Release|Any CPU.ActiveCfg = Release|Any CPU
		{B4C747EB-B404-4F6C-AC1D-BCD21328E176}.Release|Any CPU.Build.0 = Release|Any CPU
	EndGlobalSection
	GlobalSection(SolutionProperties) = preSolution
		HideSolutionNode = FALSE
	EndGlobalSection
	GlobalSection(ExtensibilityGlobals) = postSolution
		SolutionGuid = {623AD33A-F335-4D8F-AB29-604E464E6C7A}
	EndGlobalSection
EndGlobal
